version = 1
revision = 3
requires-python = ">=3.12"

[[package]]
name = "shioaji"
version = "1.5.6"
source = { registry = "https://pypi.org/simple" }
wheels = [
    { url = "https://files.pythonhosted.org/packages/23/a2/ae0bdd3bf53829cfa867640f427207e090309c521ef1f1d615ee43967a21/shioaji-1.5.6-cp314-cp314t-macosx_10_15_x86_64.whl", hash = "sha256:28a7b708b6bd260821eafe072306ceff67e540c29a4e964857b17e3f1e07201e", size = 36676246, upload-time = "2026-07-09T07:29:12.933Z" },
    { url = "https://files.pythonhosted.org/packages/a8/8a/237a3868cde262c5686ea3a10d40dba4a2abc05974ccf3727a0a54f7a251/shioaji-1.5.6-cp314-cp314t-macosx_11_0_arm64.whl", hash = "sha256:a61c703d513a09e37c788e3d4e198a79d3e20e4243ef4599d462c54070430580", size = 33879643, upload-time = "2026-07-09T07:30:26.083Z" },
    { url = "https://files.pythonhosted.org/packages/a3/b4/ef7533cad5f0936094e75e608dadb57ac6561ba67ae6f1ab349063a743fe/shioaji-1.5.6-cp314-cp314t-manylinux_2_17_x86_64.manylinux2014_x86_64.whl", hash = "sha256:e164644d6c2b4839868affb7a51833449b4b4534f2dcab4107dbab146b2ec84a", size = 38350553, upload-time = "2026-07-09T07:27:58.711Z" },
    { url = "https://files.pythonhosted.org/packages/44/00/01e01378cd8de3898594b012503c32b58f5dac08fdfc0b0c4ae7d23c643c/shioaji-1.5.6-cp314-cp314t-manylinux_2_28_aarch64.whl", hash = "sha256:bdc6254b326add3e2516d50b5fdd561be1f2b9e8590b3c4346d5e122c8036086", size = 35957480, upload-time = "2026-07-09T07:28:35.155Z" },
    { url = "https://files.pythonhosted.org/packages/7f/4c/194bb3b4fd5d7640c343532eb819a391c4a46ce4615f1cd6119a3ca47c2e/shioaji-1.5.6-cp37-abi3-macosx_10_15_x86_64.whl", hash = "sha256:b8ee39f7e771ef4e3ee8163b92450f0766fa1d4a4639254ea90e6ee891d77285", size = 36708195, upload-time = "2026-07-09T07:26:08.316Z" },
    { url = "https://files.pythonhosted.org/packages/e4/ae/44a3858b2aa11b9f5e66bec0872870602387d24c9707ca90777bc6b7450d/shioaji-1.5.6-cp37-abi3-macosx_11_0_arm64.whl", hash = "sha256:1edc518223176501f362bb475d6153c9ac1a9457bf796a63a9f089c077b03e45", size = 33899657, upload-time = "2026-07-09T07:27:20.689Z" },
    { url = "https://files.pythonhosted.org/packages/5d/17/0865456166fba04558674fe3480517015e7c345cc69e42b6284e892851fb/shioaji-1.5.6-cp37-abi3-manylinux_2_17_x86_64.manylinux2014_x86_64.whl", hash = "sha256:1605f2401e94c38138eaa208d94797555235b287ebbc133ccb6b3fc151cbff48", size = 38345181, upload-time = "2026-07-09T07:26:45.995Z" },
    { url = "https://files.pythonhosted.org/packages/53/3e/8c1ec34243c130f1306604983479c9ba3d0b1b9d86bd26703e48cd99d52a/shioaji-1.5.6-cp37-abi3-manylinux_2_28_aarch64.whl", hash = "sha256:a809874dbdcc0eea7edb9453fd2043f2a139eb2cf16a47bf950f758a1d839045", size = 35948436, upload-time = "2026-07-09T07:31:02.142Z" },
    { url = "https://files.pythonhosted.org/packages/c4/f8/119b5fe2ae844c75df18ca3ded80856bad397ebcaba7e89f121af76db0a5/shioaji-1.5.6-cp37-abi3-win_amd64.whl", hash = "sha256:5a5c07c7e7f4409065c73e710a7d6920055833fbf436c1616e56ea8f914469c0", size = 40358903, upload-time = "2026-07-09T07:29:52.603Z" },
]

[[package]]
name = "sj-trading"
version = "0.1.0"
source = { editable = "." }
dependencies = [
    { name = "shioaji" },
]

[package.metadata]
requires-dist = [{ name = "shioaji", specifier = ">=1.2.5" }]
